github.com/KarpelesLab/pjson v0.1.9 h1:JVmm61sLRVb+5YkUDacgM1FlB9CTOsCUhEvF+OzUMf0=
github.com/KarpelesLab/pjson v0.1.9/go.mod h1:gb4uSTld7I2kO2WvLdat1mN1brsS1hzSR+dWw1hL3iU=
github.com/KarpelesLab/rest v0.5.10 h1:9kVd2pLJHCeovTySVf+IQmB1RG6TpOafZwU941N9Q38=
github.com/KarpelesLab/rest v0.5.10/go.mod h1:lumMm4BOP5/bMQo8JV7cTLcBCqGeJ6JtV6rE0hevKtE=
github.com/KarpelesLab/rest v0.5.17 h1:S/vBjE8UTDAE1w1hQPbUOIKKNqI9Xs8yJyFOSLa3Brk=
github.com/KarpelesLab/rest v0.5.17/go.mod h1:Yv3zxbb5KSmJop/hJZKEXQ302TyQBCbXfBWC5k2g+Po=
github.com/KarpelesLab/typutil v0.2.13 h1:9m9drR8aIe2MaNh9hAuM39Zecgx6uvtlVurUOlE+1vk=
github.com/KarpelesLab/typutil v0.2.13/go.mod h1:lqs248XpjFstgZMT5ZVP4/3B6zT7eEeq5kKj4/tC1IQ=
github.com/KarpelesLab/webutil v0.1.1 h1:w5iCebZb3kv39M23/VrL9w97oTW6MEwFyW6VnJF8vZk=
github.com/KarpelesLab/webutil v0.1.1/go.mod h1:AKTsmoimqwSdJHtZzBnvxcjQv3lgyw/GVJFVyXaDilU=
github.com/KarpelesLab/webutil v0.2.1 h1:5mB+mPBj3iRasv9zY9rDAh00yvKQWJxDOjyUZTjfmlY=
github.com/KarpelesLab/webutil v0.2.1/go.mod h1:AKTsmoimqwSdJHtZzBnvxcjQv3lgyw/GVJFVyXaDilU=
github.com/google/uuid v1.6.0 h1:NIvaJDMOsjHA8n1jAhLSgzrAzy1Hgr+hNrb57e+94F0=
github.com/google/uuid v1.6.0/go.mod h1:TIyPZe4MgqvfeYDBFedMoGGpEw/LqOeaOT+nhxU+yHo=
golang.org/x/exp v0.0.0-20240613232115-7f521ea00fb8 h1:yixxcjnhBmY0nkL253HFVIm0JsFHwrHdT3Yh6szTnfY=
golang.org/x/exp v0.0.0-20240613232115-7f521ea00fb8/go.mod h1:jj3sYF3dwk5D+ghuXyeI3r5MFf+NT2An6/9dOA95KSI=
